{
  "originHash" : "36e9e80fcf37846b5a276346ba32cb63853c016390f50beaa30f1980dd49673a",
  "pins" : [
    {
      "identity" : "anycodable",
      "kind" : "remoteSourceControl",
      "location" : "https://github.com/Flight-School/AnyCodable",
      "state" : {
        "revision" : "862808b2070cd908cb04f9aafe7de83d35f81b05",
        "version" : "0.6.7"
      }
    },
    {
      "identity" : "bigint",
      "kind" : "remoteSourceControl",
      "location" : "https://github.com/attaswift/BigInt.git",
      "state" : {
        "revision" : "0ed110f7555c34ff468e72e1686e59721f2b0da6",
        "version" : "5.3.0"
      }
    },
    {
      "identity" : "curvelib.swift",
      "kind" : "remoteSourceControl",
      "location" : "https://github.com/tkey/curvelib.swift",
      "state" : {
        "revision" : "9f88bd5e56d1df443a908f7a7e81ae4f4d9170ea",
        "version" : "1.0.1"
      }
    },
    {
      "identity" : "customauth-swift-sdk",
      "kind" : "remoteSourceControl",
      "location" : "https://github.com/torusresearch/customauth-swift-sdk",
      "state" : {
        "revision" : "60b48acb161fb4341c353c27bc6dd96af76887ff",
        "version" : "10.0.1"
      }
    },
    {
      "identity" : "fetch-node-details-swift",
      "kind" : "remoteSourceControl",
      "location" : "https://github.com/torusresearch/fetch-node-details-swift",
      "state" : {
        "revision" : "22bfadf7491d77a0bc1953af002cadbd61383e7d",
        "version" : "6.0.2"
      }
    },
    {
      "identity" : "jwtdecode.swift",
      "kind" : "remoteSourceControl",
      "location" : "https://github.com/auth0/JWTDecode.swift.git",
      "state" : {
        "revision" : "58af7278797871e460d79496621b3e5366b865b2",
        "version" : "3.1.0"
      }
    },
    {
      "identity" : "keychain-swift",
      "kind" : "remoteSourceControl",
      "location" : "https://github.com/evgenyneu/keychain-swift.git",
      "state" : {
        "revision" : "d108a1fa6189e661f91560548ef48651ed8d93b9",
        "version" : "20.0.0"
      }
    },
    {
      "identity" : "kukai-core-swift",
      "kind" : "remoteSourceControl",
      "location" : "https://github.com/kukai-wallet/kukai-core-swift",
      "state" : {
        "branch" : "develop",
        "revision" : "f1b5a0cbac1b55fa78813f697f13b3f2f700cfae"
      }
    },
    {
      "identity" : "kukai-crypto-swift",
      "kind" : "remoteSourceControl",
      "location" : "https://github.com/kukai-wallet/kukai-crypto-swift",
      "state" : {
        "revision" : "757c1975adb830d158eb50afa3776cf2c5eb7245",
        "version" : "1.0.23"
      }
    },
    {
      "identity" : "qrcode",
      "kind" : "remoteSourceControl",
      "location" : "https://github.com/WalletConnect/QRCode",
      "state" : {
        "revision" : "263f280d2c8144adfb0b6676109846cfc8dd552b",
        "version" : "14.3.1"
      }
    },
    {
      "identity" : "sdwebimage",
      "kind" : "remoteSourceControl",
      "location" : "https://github.com/SDWebImage/SDWebImage.git",
      "state" : {
        "revision" : "b8523c1642f3c142b06dd98443ea7c48343a4dfd",
        "version" : "5.19.3"
      }
    },
    {
      "identity" : "secp256k1.swift",
      "kind" : "remoteSourceControl",
      "location" : "https://github.com/Boilertalk/secp256k1.swift",
      "state" : {
        "revision" : "cd187c632fb812fd93711a9f7e644adb7e5f97f0",
        "version" : "0.1.7"
      }
    },
    {
      "identity" : "sentry-cocoa",
      "kind" : "remoteSourceControl",
      "location" : "https://github.com/getsentry/sentry-cocoa",
      "state" : {
        "revision" : "7fc7ca43967e2980d8691a8e017c118a84133aac",
        "version" : "8.26.0"
      }
    },
    {
      "identity" : "signalr-client-swift",
      "kind" : "remoteSourceControl",
      "location" : "https://github.com/moozzyk/SignalR-Client-Swift",
      "state" : {
        "revision" : "e70c77151872a4f973fe1c10376980b0db3fa4b2",
        "version" : "0.9.0"
      }
    },
    {
      "identity" : "starscream",
      "kind" : "remoteSourceControl",
      "location" : "https://github.com/daltoniam/Starscream",
      "state" : {
        "revision" : "a063fda2b8145a231953c20e7a646be254365396",
        "version" : "3.1.2"
      }
    },
    {
      "identity" : "swift-qrcode-generator",
      "kind" : "remoteSourceControl",
      "location" : "https://github.com/dagronf/swift-qrcode-generator",
      "state" : {
        "revision" : "5ca09b6a2ad190f94aa3d6ddef45b187f8c0343b",
        "version" : "1.0.3"
      }
    },
    {
      "identity" : "swift-sodium",
      "kind" : "remoteSourceControl",
      "location" : "https://github.com/jedisct1/swift-sodium",
      "state" : {
        "revision" : "4f9164a0a2c9a6a7ff53a2833d54a5c79c957342",
        "version" : "0.9.1"
      }
    },
    {
      "identity" : "swiftimagereadwrite",
      "kind" : "remoteSourceControl",
      "location" : "https://github.com/dagronf/SwiftImageReadWrite",
      "state" : {
        "revision" : "5596407d1cf61b953b8e658fa8636a471df3c509",
        "version" : "1.1.6"
      }
    },
    {
      "identity" : "torus-utils-swift",
      "kind" : "remoteSourceControl",
      "location" : "https://github.com/torusresearch/torus-utils-swift",
      "state" : {
        "revision" : "ff85c3e96bfa29013309b487875c4d9383e4ac80",
        "version" : "8.1.1"
      }
    },
    {
      "identity" : "walletconnectswiftv2",
      "kind" : "remoteSourceControl",
      "location" : "https://github.com/WalletConnect/WalletConnectSwiftV2",
      "state" : {
        "revision" : "d819f76df8664a7550e31c03e9c4e68e990d7e91",
        "version" : "1.18.8"
      }
    }
  ],
  "version" : 3
}
