{
  "object": {
    "pins": [
      {
        "package": "Base58Swift",
        "repositoryURL": "https://github.com/keefertaylor/Base58Swift.git",
        "state": {
          "branch": null,
          "revision": "1c13ea6b07f1584660526f8bde3d4cc150e91acd",
          "version": "2.1.14"
        }
      },
      {
        "package": "BeaconSDK",
        "repositoryURL": "https://github.com/simonmcl/beacon-ios-sdk",
        "state": {
          "branch": "master",
          "revision": "9668f9c048e4d2184c61c80586c2160c770904c3",
          "version": null
        }
      },
      {
        "package": "BigInt",
        "repositoryURL": "https://github.com/attaswift/BigInt.git",
        "state": {
          "branch": null,
          "revision": "0ed110f7555c34ff468e72e1686e59721f2b0da6",
          "version": "5.3.0"
        }
      },
      {
        "package": "Clibsodium",
        "repositoryURL": "https://github.com/junelife/clibsodium-xcframework",
        "state": {
          "branch": null,
          "revision": "7d07eaac8f6fc7ad3248b1a8c601e0c098c552dc",
          "version": "0.9.2"
        }
      },
      {
        "package": "Kingfisher",
        "repositoryURL": "https://github.com/onevcat/Kingfisher.git",
        "state": {
          "branch": null,
          "revision": "d06df9adf50ed8cde5786d935836a5f445f780ba",
          "version": "6.3.1"
        }
      },
      {
        "package": "KukaiCoreSwift",
        "repositoryURL": "https://github.com/kukai-wallet/kukai-core-swift.git",
        "state": {
          "branch": "develop",
          "revision": "9f9c8cd5931369975a9dca5c78e05d371a5f1f67",
          "version": null
        }
      },
      {
        "package": "secp256k1",
        "repositoryURL": "https://github.com/Boilertalk/secp256k1.swift",
        "state": {
          "branch": null,
          "revision": "823281fe9def21b384099b72a9a53ca988317b20",
          "version": "0.1.4"
        }
      },
      {
        "package": "Sentry",
        "repositoryURL": "https://github.com/getsentry/sentry-cocoa",
        "state": {
          "branch": null,
          "revision": "ea5bae4bfb10cd9c5afda6898702489756df313d",
          "version": "7.4.2"
        }
      },
      {
        "package": "SignalRClient",
        "repositoryURL": "https://github.com/moozzyk/SignalR-Client-Swift",
        "state": {
          "branch": null,
          "revision": "a998729a4a525d30228bd0893bb3200304726289",
          "version": "0.8.0"
        }
      },
      {
        "package": "SVGKit",
        "repositoryURL": "https://github.com/simonmcl/SVGKit",
        "state": {
          "branch": null,
          "revision": "42e2d281cdef7701f4b543333a76576737c9d9a4",
          "version": "3.0.1"
        }
      },
      {
        "package": "Sodium",
        "repositoryURL": "https://github.com/junelife/swift-sodium",
        "state": {
          "branch": "spm",
          "revision": "7487d6239c90d3f609de891782d0596d39beddb8",
          "version": null
        }
      },
      {
        "package": "WalletCore",
        "repositoryURL": "https://github.com/hewigovens/wallet-core-spm",
        "state": {
          "branch": "master",
          "revision": "f32880f28b2de1d500b86db6f4bd1fb6329e546b",
          "version": null
        }
      }
    ]
  },
  "version": 1
}
