{
  "object": {
    "pins": [
      {
        "package": "Base58Swift",
        "repositoryURL": "https://github.com/keefertaylor/Base58Swift.git",
        "state": {
          "branch": null,
          "revision": "1c13ea6b07f1584660526f8bde3d4cc150e91acd",
          "version": "2.1.14"
        }
      },
      {
        "package": "BeaconSDK",
        "repositoryURL": "https://github.com/simonmcl/beacon-ios-sdk",
        "state": {
          "branch": "develop",
          "revision": "1155d0f622671bb1f83b1a03b8a6477c7584b27c",
          "version": null
        }
      },
      {
        "package": "BigInt",
        "repositoryURL": "https://github.com/attaswift/BigInt.git",
        "state": {
          "branch": null,
          "revision": "0ed110f7555c34ff468e72e1686e59721f2b0da6",
          "version": "5.3.0"
        }
      },
      {
        "package": "CryptorECC",
        "repositoryURL": "https://github.com/IBM-Swift/BlueECC.git",
        "state": {
          "branch": null,
          "revision": "baf6ed3fc1a622675f0041b4aff7c02dd1a93818",
          "version": "1.2.200"
        }
      },
      {
        "package": "CryptoSwift",
        "repositoryURL": "https://github.com/krzyzanowskim/CryptoSwift.git",
        "state": {
          "branch": null,
          "revision": "4b0565384d3c4c588af09e660535b2c7c9bf5b39",
          "version": "1.4.2"
        }
      },
      {
        "package": "FetchNodeDetails",
        "repositoryURL": "https://github.com/torusresearch/fetch-node-details-swift",
        "state": {
          "branch": null,
          "revision": "b67f943c07337ad2c2bbf4182e89def90a7bac42",
          "version": "1.2.0"
        }
      },
      {
        "package": "PMKFoundation",
        "repositoryURL": "https://github.com/PromiseKit/Foundation.git",
        "state": {
          "branch": null,
          "revision": "985f17fa69ee0e5b7eb3ff9be87ffc4e05fc0927",
          "version": "3.4.0"
        }
      },
      {
        "package": "GenericJSON",
        "repositoryURL": "https://github.com/zoul/generic-json-swift",
        "state": {
          "branch": null,
          "revision": "a137894b2a217abe489cdf1ea287e6f7819b1051",
          "version": "2.0.1"
        }
      },
      {
        "package": "JWTDecode",
        "repositoryURL": "https://github.com/auth0/JWTDecode.swift.git",
        "state": {
          "branch": null,
          "revision": "3cd207fb9e943b6168a117baa3936c823204c2dc",
          "version": "2.6.3"
        }
      },
      {
        "package": "Kingfisher",
        "repositoryURL": "https://github.com/onevcat/Kingfisher.git",
        "state": {
          "branch": null,
          "revision": "0c02c46cfdc0656ce74fd0963a75e5000a0b7f23",
          "version": "7.1.2"
        }
      },
      {
        "package": "KukaiCoreSwift",
        "repositoryURL": "https://github.com/kukai-wallet/kukai-core-swift",
        "state": {
          "branch": "develop",
          "revision": "6871df650dd55239977e14877754932abaa1ffc2",
          "version": null
        }
      },
      {
        "package": "PromiseKit",
        "repositoryURL": "https://github.com/mxcl/PromiseKit.git",
        "state": {
          "branch": null,
          "revision": "93c8d41ce96ed78f36c3948be396d76f3ca3de1b",
          "version": "6.16.2"
        }
      },
      {
        "package": "secp256k1",
        "repositoryURL": "https://github.com/Boilertalk/secp256k1.swift",
        "state": {
          "branch": null,
          "revision": "823281fe9def21b384099b72a9a53ca988317b20",
          "version": "0.1.4"
        }
      },
      {
        "package": "Sentry",
        "repositoryURL": "https://github.com/getsentry/sentry-cocoa",
        "state": {
          "branch": null,
          "revision": "2814f3c5e624108bda1d0dccfaabbbf00217d6dc",
          "version": "7.7.0"
        }
      },
      {
        "package": "SignalRClient",
        "repositoryURL": "https://github.com/moozzyk/SignalR-Client-Swift",
        "state": {
          "branch": null,
          "revision": "e70c77151872a4f973fe1c10376980b0db3fa4b2",
          "version": "0.9.0"
        }
      },
      {
        "package": "SVGKit",
        "repositoryURL": "https://github.com/simonmcl/SVGKit",
        "state": {
          "branch": null,
          "revision": "42e2d281cdef7701f4b543333a76576737c9d9a4",
          "version": "3.0.1"
        }
      },
      {
        "package": "TorusSwiftDirectSDK",
        "repositoryURL": "https://github.com/torusresearch/torus-direct-swift-sdk",
        "state": {
          "branch": null,
          "revision": "7ef7e033c5c448c21ec547f36bbe4da82779fc1d",
          "version": "1.2.0"
        }
      },
      {
        "package": "TorusUtils",
        "repositoryURL": "https://github.com/torusresearch/torus-utils-swift",
        "state": {
          "branch": null,
          "revision": "a7da47d2e6e8e3250fb70ad0e126be730f5bc90e",
          "version": "1.2.0"
        }
      },
      {
        "package": "WalletCore",
        "repositoryURL": "https://github.com/trustwallet/wallet-core",
        "state": {
          "branch": null,
          "revision": "1484251d38575d2a6ba1f159c8565acc5ee7f6e9",
          "version": "2.6.35"
        }
      },
      {
        "package": "web3.swift",
        "repositoryURL": "https://github.com/argentlabs/web3.swift",
        "state": {
          "branch": null,
          "revision": "8205d3f671e0248af7d2e0537664d1a85d1ee11e",
          "version": "0.8.1"
        }
      }
    ]
  },
  "version": 1
}
