// !$*UTF8*$!
{
	archiveVersion = 1;
	classes = {
	};
	objectVersion = 52;
	objects = {

/* Begin PBXBuildFile section */
		C0082BF326A6C6B300DB160B /* DependencyManager.swift in Sources */ = {isa = PBXBuildFile; fileRef = C0082BF226A6C6B300DB160B /* DependencyManager.swift */; };
		C0082BF526A6DFBA00DB160B /* String+extensions.swift in Sources */ = {isa = PBXBuildFile; fileRef = C0082BF426A6DFBA00DB160B /* String+extensions.swift */; };
		C0082BF926A7076500DB160B /* ImportMnemonicViewController.swift in Sources */ = {isa = PBXBuildFile; fileRef = C0082BF826A7076500DB160B /* ImportMnemonicViewController.swift */; };
		C0082BFB26A70B5900DB160B /* ImportSuccessViewController.swift in Sources */ = {isa = PBXBuildFile; fileRef = C0082BFA26A70B5900DB160B /* ImportSuccessViewController.swift */; };
		C0082BFD26A70D3C00DB160B /* ImportFaucetViewController.swift in Sources */ = {isa = PBXBuildFile; fileRef = C0082BFC26A70D3C00DB160B /* ImportFaucetViewController.swift */; };
		C0082BFF26A713A000DB160B /* NewWalletPasswordViewController.swift in Sources */ = {isa = PBXBuildFile; fileRef = C0082BFE26A713A000DB160B /* NewWalletPasswordViewController.swift */; };
		C0082C0126A715C400DB160B /* NewWalletMnemonicViewController.swift in Sources */ = {isa = PBXBuildFile; fileRef = C0082C0026A715C400DB160B /* NewWalletMnemonicViewController.swift */; };
		C0082C0426A7218D00DB160B /* Home.storyboard in Resources */ = {isa = PBXBuildFile; fileRef = C0082C0326A7218D00DB160B /* Home.storyboard */; };
		C0082C0626A7249200DB160B /* SettingsViewController.swift in Sources */ = {isa = PBXBuildFile; fileRef = C0082C0526A7249200DB160B /* SettingsViewController.swift */; };
		C0082C0826A7278000DB160B /* HomeTabBarController.swift in Sources */ = {isa = PBXBuildFile; fileRef = C0082C0726A7278000DB160B /* HomeTabBarController.swift */; };
		C0082C0A26A7282C00DB160B /* HomeWalletViewController.swift in Sources */ = {isa = PBXBuildFile; fileRef = C0082C0926A7282C00DB160B /* HomeWalletViewController.swift */; };
		C049B5A326A0496C00F1C5E0 /* Main.storyboard in Resources */ = {isa = PBXBuildFile; fileRef = C049B5A226A0496C00F1C5E0 /* Main.storyboard */; };
		C049B5A526A0497D00F1C5E0 /* Onboarding.storyboard in Resources */ = {isa = PBXBuildFile; fileRef = C049B5A426A0497D00F1C5E0 /* Onboarding.storyboard */; };
		C049B5A726A04DCA00F1C5E0 /* LaunchViewController.swift in Sources */ = {isa = PBXBuildFile; fileRef = C049B5A626A04DCA00F1C5E0 /* LaunchViewController.swift */; };
		C049B5AC26A0793E00F1C5E0 /* WelcomeViewController.swift in Sources */ = {isa = PBXBuildFile; fileRef = C049B5AB26A0793E00F1C5E0 /* WelcomeViewController.swift */; };
		C049B5AF26A079AF00F1C5E0 /* UIViewController+extensions.swift in Sources */ = {isa = PBXBuildFile; fileRef = C049B5AE26A079AF00F1C5E0 /* UIViewController+extensions.swift */; };
		C049B5B126A07A1000F1C5E0 /* NetworkChooserViewController.swift in Sources */ = {isa = PBXBuildFile; fileRef = C049B5B026A07A1000F1C5E0 /* NetworkChooserViewController.swift */; };
		C049B5B326A07B0500F1C5E0 /* DirectAuthViewController.swift in Sources */ = {isa = PBXBuildFile; fileRef = C049B5B226A07B0500F1C5E0 /* DirectAuthViewController.swift */; };
		C049B5B926A084A500F1C5E0 /* UIView+extensions.swift in Sources */ = {isa = PBXBuildFile; fileRef = C049B5B826A084A500F1C5E0 /* UIView+extensions.swift */; };
		C0657ACE26B2CA30009ED7D3 /* ExchangeLiquidityBakingViewController.swift in Sources */ = {isa = PBXBuildFile; fileRef = C0657ACD26B2CA30009ED7D3 /* ExchangeLiquidityBakingViewController.swift */; };
		C0657AD026B2CB6F009ED7D3 /* UITextField+extensions.swift in Sources */ = {isa = PBXBuildFile; fileRef = C0657ACF26B2CB6F009ED7D3 /* UITextField+extensions.swift */; };
		C06EA1A626A56C6E006029CF /* OnboardingPageViewController.swift in Sources */ = {isa = PBXBuildFile; fileRef = C06EA1A526A56C6E006029CF /* OnboardingPageViewController.swift */; };
		C085EAB326B175F600B37A15 /* SideMenuViewController.swift in Sources */ = {isa = PBXBuildFile; fileRef = C085EAB226B175F600B37A15 /* SideMenuViewController.swift */; };
		C085EAB526B192A600B37A15 /* SideMenuViewModel.swift in Sources */ = {isa = PBXBuildFile; fileRef = C085EAB426B192A600B37A15 /* SideMenuViewModel.swift */; };
		C085EAB726B1A95A00B37A15 /* SideMenuImportViewController.swift in Sources */ = {isa = PBXBuildFile; fileRef = C085EAB626B1A95A00B37A15 /* SideMenuImportViewController.swift */; };
		C085EAB926B1ADC700B37A15 /* ConfirmMnemonicViewController.swift in Sources */ = {isa = PBXBuildFile; fileRef = C085EAB826B1ADC700B37A15 /* ConfirmMnemonicViewController.swift */; };
		C0A1C3B626B05F7100EA03A9 /* PreLoginViewController.swift in Sources */ = {isa = PBXBuildFile; fileRef = C0A1C3B526B05F7100EA03A9 /* PreLoginViewController.swift */; };
		C0B03643269EE2070071ACD0 /* AppDelegate.swift in Sources */ = {isa = PBXBuildFile; fileRef = C0B03642269EE2070071ACD0 /* AppDelegate.swift */; };
		C0B03645269EE2070071ACD0 /* SceneDelegate.swift in Sources */ = {isa = PBXBuildFile; fileRef = C0B03644269EE2070071ACD0 /* SceneDelegate.swift */; };
		C0B0364C269EE2070071ACD0 /* Assets.xcassets in Resources */ = {isa = PBXBuildFile; fileRef = C0B0364B269EE2070071ACD0 /* Assets.xcassets */; };
		C0B0364F269EE2070071ACD0 /* LaunchScreen.storyboard in Resources */ = {isa = PBXBuildFile; fileRef = C0B0364D269EE2070071ACD0 /* LaunchScreen.storyboard */; };
		C0B0365A269EE2070071ACD0 /* Kukai_MobileTests.swift in Sources */ = {isa = PBXBuildFile; fileRef = C0B03659269EE2070071ACD0 /* Kukai_MobileTests.swift */; };
		C0B03665269EE2070071ACD0 /* Kukai_MobileUITests.swift in Sources */ = {isa = PBXBuildFile; fileRef = C0B03664269EE2070071ACD0 /* Kukai_MobileUITests.swift */; };
		C0B03674269EE2A40071ACD0 /* KukaiCoreSwift in Frameworks */ = {isa = PBXBuildFile; productRef = C0B03673269EE2A40071ACD0 /* KukaiCoreSwift */; };
		C0B0367A269F1E450071ACD0 /* ExportOptions.plist in Resources */ = {isa = PBXBuildFile; fileRef = C0B03679269F1E450071ACD0 /* ExportOptions.plist */; };
		C0B0367C269F37340071ACD0 /* ExportOptions-Beta.plist in Resources */ = {isa = PBXBuildFile; fileRef = C0B0367B269F37340071ACD0 /* ExportOptions-Beta.plist */; };
		C0B743B026AAC44A00377A9B /* ViewModelProtocols.swift in Sources */ = {isa = PBXBuildFile; fileRef = C0B743A626AAC44A00377A9B /* ViewModelProtocols.swift */; };
		C0B743B726AB197E00377A9B /* HomeWalletViewModel.swift in Sources */ = {isa = PBXBuildFile; fileRef = C0B743B626AB197E00377A9B /* HomeWalletViewModel.swift */; };
		C0B743BA26AB221E00377A9B /* XTZBalanceTableViewCell.swift in Sources */ = {isa = PBXBuildFile; fileRef = C0B743B926AB221E00377A9B /* XTZBalanceTableViewCell.swift */; };
		C0B743BC26AB223800377A9B /* TokenBalanceTableViewCell.swift in Sources */ = {isa = PBXBuildFile; fileRef = C0B743BB26AB223800377A9B /* TokenBalanceTableViewCell.swift */; };
		C0B743BE26AB226700377A9B /* NftParentTableViewCell.swift in Sources */ = {isa = PBXBuildFile; fileRef = C0B743BD26AB226700377A9B /* NftParentTableViewCell.swift */; };
		C0B743C026AB227400377A9B /* NftChildTableViewCell.swift in Sources */ = {isa = PBXBuildFile; fileRef = C0B743BF26AB227400377A9B /* NftChildTableViewCell.swift */; };
		C0B860EF26AF0CA400BB7E6B /* UIImageView+extensions.swift in Sources */ = {isa = PBXBuildFile; fileRef = C0B860EE26AF0CA400BB7E6B /* UIImageView+extensions.swift */; };
		C0BBD29C26A97CFD0097B63A /* Sodium in Frameworks */ = {isa = PBXBuildFile; productRef = C0BBD29B26A97CFD0097B63A /* Sodium */; };
		C0BBD29D26A97CFD0097B63A /* Sodium in Embed Frameworks */ = {isa = PBXBuildFile; productRef = C0BBD29B26A97CFD0097B63A /* Sodium */; settings = {ATTRIBUTES = (CodeSignOnCopy, ); }; };
		C0BBD2A526A9A7980097B63A /* Sentry in Frameworks */ = {isa = PBXBuildFile; productRef = C0BBD2A426A9A7980097B63A /* Sentry */; };
		C0DAD65426B00ABD001DF430 /* Login.storyboard in Resources */ = {isa = PBXBuildFile; fileRef = C0DAD65326B00ABD001DF430 /* Login.storyboard */; };
		C0DAD65826B00D64001DF430 /* LoginViewController.swift in Sources */ = {isa = PBXBuildFile; fileRef = C0DAD65726B00D64001DF430 /* LoginViewController.swift */; };
/* End PBXBuildFile section */

/* Begin PBXContainerItemProxy section */
		C0B03656269EE2070071ACD0 /* PBXContainerItemProxy */ = {
			isa = PBXContainerItemProxy;
			containerPortal = C0B03637269EE2070071ACD0 /* Project object */;
			proxyType = 1;
			remoteGlobalIDString = C0B0363E269EE2070071ACD0;
			remoteInfo = "Kukai Mobile";
		};
		C0B03661269EE2070071ACD0 /* PBXContainerItemProxy */ = {
			isa = PBXContainerItemProxy;
			containerPortal = C0B03637269EE2070071ACD0 /* Project object */;
			proxyType = 1;
			remoteGlobalIDString = C0B0363E269EE2070071ACD0;
			remoteInfo = "Kukai Mobile";
		};
/* End PBXContainerItemProxy section */

/* Begin PBXCopyFilesBuildPhase section */
		C0BBD29E26A97CFD0097B63A /* Embed Frameworks */ = {
			isa = PBXCopyFilesBuildPhase;
			buildActionMask = 2147483647;
			dstPath = "";
			dstSubfolderSpec = 10;
			files = (
				C0BBD29D26A97CFD0097B63A /* Sodium in Embed Frameworks */,
			);
			name = "Embed Frameworks";
			runOnlyForDeploymentPostprocessing = 0;
		};
/* End PBXCopyFilesBuildPhase section */

/* Begin PBXFileReference section */
		C0082BF226A6C6B300DB160B /* DependencyManager.swift */ = {isa = PBXFileReference; lastKnownFileType = sourcecode.swift; path = DependencyManager.swift; sourceTree = "<group>"; };
		C0082BF426A6DFBA00DB160B /* String+extensions.swift */ = {isa = PBXFileReference; lastKnownFileType = sourcecode.swift; path = "String+extensions.swift"; sourceTree = "<group>"; };
		C0082BF826A7076500DB160B /* ImportMnemonicViewController.swift */ = {isa = PBXFileReference; lastKnownFileType = sourcecode.swift; path = ImportMnemonicViewController.swift; sourceTree = "<group>"; };
		C0082BFA26A70B5900DB160B /* ImportSuccessViewController.swift */ = {isa = PBXFileReference; lastKnownFileType = sourcecode.swift; path = ImportSuccessViewController.swift; sourceTree = "<group>"; };
		C0082BFC26A70D3C00DB160B /* ImportFaucetViewController.swift */ = {isa = PBXFileReference; lastKnownFileType = sourcecode.swift; path = ImportFaucetViewController.swift; sourceTree = "<group>"; };
		C0082BFE26A713A000DB160B /* NewWalletPasswordViewController.swift */ = {isa = PBXFileReference; lastKnownFileType = sourcecode.swift; path = NewWalletPasswordViewController.swift; sourceTree = "<group>"; };
		C0082C0026A715C400DB160B /* NewWalletMnemonicViewController.swift */ = {isa = PBXFileReference; lastKnownFileType = sourcecode.swift; path = NewWalletMnemonicViewController.swift; sourceTree = "<group>"; };
		C0082C0326A7218D00DB160B /* Home.storyboard */ = {isa = PBXFileReference; lastKnownFileType = file.storyboard; path = Home.storyboard; sourceTree = "<group>"; };
		C0082C0526A7249200DB160B /* SettingsViewController.swift */ = {isa = PBXFileReference; lastKnownFileType = sourcecode.swift; path = SettingsViewController.swift; sourceTree = "<group>"; };
		C0082C0726A7278000DB160B /* HomeTabBarController.swift */ = {isa = PBXFileReference; lastKnownFileType = sourcecode.swift; path = HomeTabBarController.swift; sourceTree = "<group>"; };
		C0082C0926A7282C00DB160B /* HomeWalletViewController.swift */ = {isa = PBXFileReference; lastKnownFileType = sourcecode.swift; path = HomeWalletViewController.swift; sourceTree = "<group>"; };
		C049B5A226A0496C00F1C5E0 /* Main.storyboard */ = {isa = PBXFileReference; lastKnownFileType = file.storyboard; path = Main.storyboard; sourceTree = "<group>"; };
		C049B5A426A0497D00F1C5E0 /* Onboarding.storyboard */ = {isa = PBXFileReference; lastKnownFileType = file.storyboard; path = Onboarding.storyboard; sourceTree = "<group>"; };
		C049B5A626A04DCA00F1C5E0 /* LaunchViewController.swift */ = {isa = PBXFileReference; lastKnownFileType = sourcecode.swift; path = LaunchViewController.swift; sourceTree = "<group>"; };
		C049B5AB26A0793E00F1C5E0 /* WelcomeViewController.swift */ = {isa = PBXFileReference; lastKnownFileType = sourcecode.swift; path = WelcomeViewController.swift; sourceTree = "<group>"; };
		C049B5AE26A079AF00F1C5E0 /* UIViewController+extensions.swift */ = {isa = PBXFileReference; lastKnownFileType = sourcecode.swift; path = "UIViewController+extensions.swift"; sourceTree = "<group>"; };
		C049B5B026A07A1000F1C5E0 /* NetworkChooserViewController.swift */ = {isa = PBXFileReference; lastKnownFileType = sourcecode.swift; path = NetworkChooserViewController.swift; sourceTree = "<group>"; };
		C049B5B226A07B0500F1C5E0 /* DirectAuthViewController.swift */ = {isa = PBXFileReference; lastKnownFileType = sourcecode.swift; path = DirectAuthViewController.swift; sourceTree = "<group>"; };
		C049B5B826A084A500F1C5E0 /* UIView+extensions.swift */ = {isa = PBXFileReference; lastKnownFileType = sourcecode.swift; path = "UIView+extensions.swift"; sourceTree = "<group>"; };
		C0657ACD26B2CA30009ED7D3 /* ExchangeLiquidityBakingViewController.swift */ = {isa = PBXFileReference; lastKnownFileType = sourcecode.swift; path = ExchangeLiquidityBakingViewController.swift; sourceTree = "<group>"; };
		C0657ACF26B2CB6F009ED7D3 /* UITextField+extensions.swift */ = {isa = PBXFileReference; lastKnownFileType = sourcecode.swift; path = "UITextField+extensions.swift"; sourceTree = "<group>"; };
		C06EA1A526A56C6E006029CF /* OnboardingPageViewController.swift */ = {isa = PBXFileReference; lastKnownFileType = sourcecode.swift; path = OnboardingPageViewController.swift; sourceTree = "<group>"; };
		C085EAB226B175F600B37A15 /* SideMenuViewController.swift */ = {isa = PBXFileReference; lastKnownFileType = sourcecode.swift; path = SideMenuViewController.swift; sourceTree = "<group>"; };
		C085EAB426B192A600B37A15 /* SideMenuViewModel.swift */ = {isa = PBXFileReference; lastKnownFileType = sourcecode.swift; path = SideMenuViewModel.swift; sourceTree = "<group>"; };
		C085EAB626B1A95A00B37A15 /* SideMenuImportViewController.swift */ = {isa = PBXFileReference; lastKnownFileType = sourcecode.swift; path = SideMenuImportViewController.swift; sourceTree = "<group>"; };
		C085EAB826B1ADC700B37A15 /* ConfirmMnemonicViewController.swift */ = {isa = PBXFileReference; lastKnownFileType = sourcecode.swift; path = ConfirmMnemonicViewController.swift; sourceTree = "<group>"; };
		C0A1C3B526B05F7100EA03A9 /* PreLoginViewController.swift */ = {isa = PBXFileReference; lastKnownFileType = sourcecode.swift; path = PreLoginViewController.swift; sourceTree = "<group>"; };
		C0B0363F269EE2070071ACD0 /* Kukai Mobile.app */ = {isa = PBXFileReference; explicitFileType = wrapper.application; includeInIndex = 0; path = "Kukai Mobile.app"; sourceTree = BUILT_PRODUCTS_DIR; };
		C0B03642269EE2070071ACD0 /* AppDelegate.swift */ = {isa = PBXFileReference; lastKnownFileType = sourcecode.swift; path = AppDelegate.swift; sourceTree = "<group>"; };
		C0B03644269EE2070071ACD0 /* SceneDelegate.swift */ = {isa = PBXFileReference; lastKnownFileType = sourcecode.swift; path = SceneDelegate.swift; sourceTree = "<group>"; };
		C0B0364B269EE2070071ACD0 /* Assets.xcassets */ = {isa = PBXFileReference; lastKnownFileType = folder.assetcatalog; path = Assets.xcassets; sourceTree = "<group>"; };
		C0B0364E269EE2070071ACD0 /* Base */ = {isa = PBXFileReference; lastKnownFileType = file.storyboard; name = Base; path = Base.lproj/LaunchScreen.storyboard; sourceTree = "<group>"; };
		C0B03650269EE2070071ACD0 /* Info.plist */ = {isa = PBXFileReference; lastKnownFileType = text.plist.xml; path = Info.plist; sourceTree = "<group>"; };
		C0B03655269EE2070071ACD0 /* Kukai MobileTests.xctest */ = {isa = PBXFileReference; explicitFileType = wrapper.cfbundle; includeInIndex = 0; path = "Kukai MobileTests.xctest"; sourceTree = BUILT_PRODUCTS_DIR; };
		C0B03659269EE2070071ACD0 /* Kukai_MobileTests.swift */ = {isa = PBXFileReference; lastKnownFileType = sourcecode.swift; path = Kukai_MobileTests.swift; sourceTree = "<group>"; };
		C0B0365B269EE2070071ACD0 /* Info.plist */ = {isa = PBXFileReference; lastKnownFileType = text.plist.xml; path = Info.plist; sourceTree = "<group>"; };
		C0B03660269EE2070071ACD0 /* Kukai MobileUITests.xctest */ = {isa = PBXFileReference; explicitFileType = wrapper.cfbundle; includeInIndex = 0; path = "Kukai MobileUITests.xctest"; sourceTree = BUILT_PRODUCTS_DIR; };
		C0B03664269EE2070071ACD0 /* Kukai_MobileUITests.swift */ = {isa = PBXFileReference; lastKnownFileType = sourcecode.swift; path = Kukai_MobileUITests.swift; sourceTree = "<group>"; };
		C0B03666269EE2070071ACD0 /* Info.plist */ = {isa = PBXFileReference; lastKnownFileType = text.plist.xml; path = Info.plist; sourceTree = "<group>"; };
		C0B03679269F1E450071ACD0 /* ExportOptions.plist */ = {isa = PBXFileReference; fileEncoding = 4; lastKnownFileType = text.plist.xml; path = ExportOptions.plist; sourceTree = "<group>"; };
		C0B0367B269F37340071ACD0 /* ExportOptions-Beta.plist */ = {isa = PBXFileReference; fileEncoding = 4; lastKnownFileType = text.plist.xml; path = "ExportOptions-Beta.plist"; sourceTree = "<group>"; };
		C0B743A626AAC44A00377A9B /* ViewModelProtocols.swift */ = {isa = PBXFileReference; fileEncoding = 4; lastKnownFileType = sourcecode.swift; path = ViewModelProtocols.swift; sourceTree = "<group>"; };
		C0B743B626AB197E00377A9B /* HomeWalletViewModel.swift */ = {isa = PBXFileReference; lastKnownFileType = sourcecode.swift; path = HomeWalletViewModel.swift; sourceTree = "<group>"; };
		C0B743B926AB221E00377A9B /* XTZBalanceTableViewCell.swift */ = {isa = PBXFileReference; lastKnownFileType = sourcecode.swift; path = XTZBalanceTableViewCell.swift; sourceTree = "<group>"; };
		C0B743BB26AB223800377A9B /* TokenBalanceTableViewCell.swift */ = {isa = PBXFileReference; lastKnownFileType = sourcecode.swift; path = TokenBalanceTableViewCell.swift; sourceTree = "<group>"; };
		C0B743BD26AB226700377A9B /* NftParentTableViewCell.swift */ = {isa = PBXFileReference; lastKnownFileType = sourcecode.swift; path = NftParentTableViewCell.swift; sourceTree = "<group>"; };
		C0B743BF26AB227400377A9B /* NftChildTableViewCell.swift */ = {isa = PBXFileReference; lastKnownFileType = sourcecode.swift; path = NftChildTableViewCell.swift; sourceTree = "<group>"; };
		C0B860EE26AF0CA400BB7E6B /* UIImageView+extensions.swift */ = {isa = PBXFileReference; lastKnownFileType = sourcecode.swift; path = "UIImageView+extensions.swift"; sourceTree = "<group>"; };
		C0DAD65326B00ABD001DF430 /* Login.storyboard */ = {isa = PBXFileReference; lastKnownFileType = file.storyboard; path = Login.storyboard; sourceTree = "<group>"; };
		C0DAD65726B00D64001DF430 /* LoginViewController.swift */ = {isa = PBXFileReference; lastKnownFileType = sourcecode.swift; path = LoginViewController.swift; sourceTree = "<group>"; };
/* End PBXFileReference section */

/* Begin PBXFrameworksBuildPhase section */
		C0B0363C269EE2070071ACD0 /* Frameworks */ = {
			isa = PBXFrameworksBuildPhase;
			buildActionMask = 2147483647;
			files = (
				C0B03674269EE2A40071ACD0 /* KukaiCoreSwift in Frameworks */,
				C0BBD29C26A97CFD0097B63A /* Sodium in Frameworks */,
				C0BBD2A526A9A7980097B63A /* Sentry in Frameworks */,
			);
			runOnlyForDeploymentPostprocessing = 0;
		};
		C0B03652269EE2070071ACD0 /* Frameworks */ = {
			isa = PBXFrameworksBuildPhase;
			buildActionMask = 2147483647;
			files = (
			);
			runOnlyForDeploymentPostprocessing = 0;
		};
		C0B0365D269EE2070071ACD0 /* Frameworks */ = {
			isa = PBXFrameworksBuildPhase;
			buildActionMask = 2147483647;
			files = (
			);
			runOnlyForDeploymentPostprocessing = 0;
		};
/* End PBXFrameworksBuildPhase section */

/* Begin PBXGroup section */
		C0082BF126A6C69C00DB160B /* Services */ = {
			isa = PBXGroup;
			children = (
				C0082BF226A6C6B300DB160B /* DependencyManager.swift */,
			);
			path = Services;
			sourceTree = "<group>";
		};
		C0082C0226A7217000DB160B /* Home */ = {
			isa = PBXGroup;
			children = (
				C0B743B826AB220300377A9B /* Cells */,
				C0082C0326A7218D00DB160B /* Home.storyboard */,
				C0082C0726A7278000DB160B /* HomeTabBarController.swift */,
				C085EAB226B175F600B37A15 /* SideMenuViewController.swift */,
				C085EAB426B192A600B37A15 /* SideMenuViewModel.swift */,
				C085EAB626B1A95A00B37A15 /* SideMenuImportViewController.swift */,
				C0082C0926A7282C00DB160B /* HomeWalletViewController.swift */,
				C0B743B626AB197E00377A9B /* HomeWalletViewModel.swift */,
				C0657ACD26B2CA30009ED7D3 /* ExchangeLiquidityBakingViewController.swift */,
				C0082C0526A7249200DB160B /* SettingsViewController.swift */,
			);
			path = Home;
			sourceTree = "<group>";
		};
		C049B59F26A0492600F1C5E0 /* Modules */ = {
			isa = PBXGroup;
			children = (
				C049B5A026A0493500F1C5E0 /* Launch */,
				C0DAD65226B00AA6001DF430 /* Login */,
				C049B5A126A0494300F1C5E0 /* Onboarding */,
				C0082C0226A7217000DB160B /* Home */,
			);
			path = Modules;
			sourceTree = "<group>";
		};
		C049B5A026A0493500F1C5E0 /* Launch */ = {
			isa = PBXGroup;
			children = (
				C0B0364D269EE2070071ACD0 /* LaunchScreen.storyboard */,
				C049B5A226A0496C00F1C5E0 /* Main.storyboard */,
				C049B5A626A04DCA00F1C5E0 /* LaunchViewController.swift */,
			);
			path = Launch;
			sourceTree = "<group>";
		};
		C049B5A126A0494300F1C5E0 /* Onboarding */ = {
			isa = PBXGroup;
			children = (
				C049B5A426A0497D00F1C5E0 /* Onboarding.storyboard */,
				C049B5AB26A0793E00F1C5E0 /* WelcomeViewController.swift */,
				C049B5B026A07A1000F1C5E0 /* NetworkChooserViewController.swift */,
				C049B5B226A07B0500F1C5E0 /* DirectAuthViewController.swift */,
				C0082BFE26A713A000DB160B /* NewWalletPasswordViewController.swift */,
				C0082C0026A715C400DB160B /* NewWalletMnemonicViewController.swift */,
				C085EAB826B1ADC700B37A15 /* ConfirmMnemonicViewController.swift */,
				C0082BF826A7076500DB160B /* ImportMnemonicViewController.swift */,
				C0082BFC26A70D3C00DB160B /* ImportFaucetViewController.swift */,
				C0082BFA26A70B5900DB160B /* ImportSuccessViewController.swift */,
			);
			path = Onboarding;
			sourceTree = "<group>";
		};
		C049B5AD26A0799300F1C5E0 /* Extensions */ = {
			isa = PBXGroup;
			children = (
				C049B5AE26A079AF00F1C5E0 /* UIViewController+extensions.swift */,
				C049B5B826A084A500F1C5E0 /* UIView+extensions.swift */,
				C0082BF426A6DFBA00DB160B /* String+extensions.swift */,
				C0B860EE26AF0CA400BB7E6B /* UIImageView+extensions.swift */,
				C0657ACF26B2CB6F009ED7D3 /* UITextField+extensions.swift */,
			);
			path = Extensions;
			sourceTree = "<group>";
		};
		C06E665E26A8669300770A83 /* Frameworks */ = {
			isa = PBXGroup;
			children = (
			);
			name = Frameworks;
			sourceTree = "<group>";
		};
		C06EA1A426A56C3F006029CF /* Controls */ = {
			isa = PBXGroup;
			children = (
				C0B743A626AAC44A00377A9B /* ViewModelProtocols.swift */,
				C06EA1A526A56C6E006029CF /* OnboardingPageViewController.swift */,
			);
			path = Controls;
			sourceTree = "<group>";
		};
		C0B03636269EE2070071ACD0 = {
			isa = PBXGroup;
			children = (
				C0B03641269EE2070071ACD0 /* Kukai Mobile */,
				C0B03658269EE2070071ACD0 /* Kukai MobileTests */,
				C0B03663269EE2070071ACD0 /* Kukai MobileUITests */,
				C0B03640269EE2070071ACD0 /* Products */,
				C06E665E26A8669300770A83 /* Frameworks */,
			);
			sourceTree = "<group>";
		};
		C0B03640269EE2070071ACD0 /* Products */ = {
			isa = PBXGroup;
			children = (
				C0B0363F269EE2070071ACD0 /* Kukai Mobile.app */,
				C0B03655269EE2070071ACD0 /* Kukai MobileTests.xctest */,
				C0B03660269EE2070071ACD0 /* Kukai MobileUITests.xctest */,
			);
			name = Products;
			sourceTree = "<group>";
		};
		C0B03641269EE2070071ACD0 /* Kukai Mobile */ = {
			isa = PBXGroup;
			children = (
				C0B03642269EE2070071ACD0 /* AppDelegate.swift */,
				C0B03644269EE2070071ACD0 /* SceneDelegate.swift */,
				C0B0364B269EE2070071ACD0 /* Assets.xcassets */,
				C0B03650269EE2070071ACD0 /* Info.plist */,
				C0B0367B269F37340071ACD0 /* ExportOptions-Beta.plist */,
				C0B03679269F1E450071ACD0 /* ExportOptions.plist */,
				C049B59F26A0492600F1C5E0 /* Modules */,
				C0082BF126A6C69C00DB160B /* Services */,
				C06EA1A426A56C3F006029CF /* Controls */,
				C049B5AD26A0799300F1C5E0 /* Extensions */,
			);
			path = "Kukai Mobile";
			sourceTree = "<group>";
		};
		C0B03658269EE2070071ACD0 /* Kukai MobileTests */ = {
			isa = PBXGroup;
			children = (
				C0B03659269EE2070071ACD0 /* Kukai_MobileTests.swift */,
				C0B0365B269EE2070071ACD0 /* Info.plist */,
			);
			path = "Kukai MobileTests";
			sourceTree = "<group>";
		};
		C0B03663269EE2070071ACD0 /* Kukai MobileUITests */ = {
			isa = PBXGroup;
			children = (
				C0B03664269EE2070071ACD0 /* Kukai_MobileUITests.swift */,
				C0B03666269EE2070071ACD0 /* Info.plist */,
			);
			path = "Kukai MobileUITests";
			sourceTree = "<group>";
		};
		C0B743B826AB220300377A9B /* Cells */ = {
			isa = PBXGroup;
			children = (
				C0B743B926AB221E00377A9B /* XTZBalanceTableViewCell.swift */,
				C0B743BB26AB223800377A9B /* TokenBalanceTableViewCell.swift */,
				C0B743BD26AB226700377A9B /* NftParentTableViewCell.swift */,
				C0B743BF26AB227400377A9B /* NftChildTableViewCell.swift */,
			);
			path = Cells;
			sourceTree = "<group>";
		};
		C0DAD65226B00AA6001DF430 /* Login */ = {
			isa = PBXGroup;
			children = (
				C0DAD65326B00ABD001DF430 /* Login.storyboard */,
				C0A1C3B526B05F7100EA03A9 /* PreLoginViewController.swift */,
				C0DAD65726B00D64001DF430 /* LoginViewController.swift */,
			);
			path = Login;
			sourceTree = "<group>";
		};
/* End PBXGroup section */

/* Begin PBXNativeTarget section */
		C0B0363E269EE2070071ACD0 /* Kukai Mobile */ = {
			isa = PBXNativeTarget;
			buildConfigurationList = C0B03669269EE2070071ACD0 /* Build configuration list for PBXNativeTarget "Kukai Mobile" */;
			buildPhases = (
				C0B0363B269EE2070071ACD0 /* Sources */,
				C0B0363C269EE2070071ACD0 /* Frameworks */,
				C0B0363D269EE2070071ACD0 /* Resources */,
				C0BBD29E26A97CFD0097B63A /* Embed Frameworks */,
			);
			buildRules = (
			);
			dependencies = (
			);
			name = "Kukai Mobile";
			packageProductDependencies = (
				C0B03673269EE2A40071ACD0 /* KukaiCoreSwift */,
				C0BBD29B26A97CFD0097B63A /* Sodium */,
				C0BBD2A426A9A7980097B63A /* Sentry */,
			);
			productName = "Kukai Mobile";
			productReference = C0B0363F269EE2070071ACD0 /* Kukai Mobile.app */;
			productType = "com.apple.product-type.application";
		};
		C0B03654269EE2070071ACD0 /* Kukai MobileTests */ = {
			isa = PBXNativeTarget;
			buildConfigurationList = C0B0366C269EE2070071ACD0 /* Build configuration list for PBXNativeTarget "Kukai MobileTests" */;
			buildPhases = (
				C0B03651269EE2070071ACD0 /* Sources */,
				C0B03652269EE2070071ACD0 /* Frameworks */,
				C0B03653269EE2070071ACD0 /* Resources */,
			);
			buildRules = (
			);
			dependencies = (
				C0B03657269EE2070071ACD0 /* PBXTargetDependency */,
			);
			name = "Kukai MobileTests";
			productName = "Kukai MobileTests";
			productReference = C0B03655269EE2070071ACD0 /* Kukai MobileTests.xctest */;
			productType = "com.apple.product-type.bundle.unit-test";
		};
		C0B0365F269EE2070071ACD0 /* Kukai MobileUITests */ = {
			isa = PBXNativeTarget;
			buildConfigurationList = C0B0366F269EE2070071ACD0 /* Build configuration list for PBXNativeTarget "Kukai MobileUITests" */;
			buildPhases = (
				C0B0365C269EE2070071ACD0 /* Sources */,
				C0B0365D269EE2070071ACD0 /* Frameworks */,
				C0B0365E269EE2070071ACD0 /* Resources */,
			);
			buildRules = (
			);
			dependencies = (
				C0B03662269EE2070071ACD0 /* PBXTargetDependency */,
			);
			name = "Kukai MobileUITests";
			productName = "Kukai MobileUITests";
			productReference = C0B03660269EE2070071ACD0 /* Kukai MobileUITests.xctest */;
			productType = "com.apple.product-type.bundle.ui-testing";
		};
/* End PBXNativeTarget section */

/* Begin PBXProject section */
		C0B03637269EE2070071ACD0 /* Project object */ = {
			isa = PBXProject;
			attributes = {
				LastSwiftUpdateCheck = 1250;
				LastUpgradeCheck = 1250;
				TargetAttributes = {
					C0B0363E269EE2070071ACD0 = {
						CreatedOnToolsVersion = 12.5;
					};
					C0B03654269EE2070071ACD0 = {
						CreatedOnToolsVersion = 12.5;
						TestTargetID = C0B0363E269EE2070071ACD0;
					};
					C0B0365F269EE2070071ACD0 = {
						CreatedOnToolsVersion = 12.5;
						TestTargetID = C0B0363E269EE2070071ACD0;
					};
				};
			};
			buildConfigurationList = C0B0363A269EE2070071ACD0 /* Build configuration list for PBXProject "Kukai Mobile" */;
			compatibilityVersion = "Xcode 9.3";
			developmentRegion = en;
			hasScannedForEncodings = 0;
			knownRegions = (
				en,
				Base,
			);
			mainGroup = C0B03636269EE2070071ACD0;
			packageReferences = (
				C0B03672269EE2A40071ACD0 /* XCRemoteSwiftPackageReference "kukai-core-swift" */,
				C0BBD29A26A97CFD0097B63A /* XCRemoteSwiftPackageReference "swift-sodium" */,
				C0BBD2A326A9A7980097B63A /* XCRemoteSwiftPackageReference "sentry-cocoa" */,
			);
			productRefGroup = C0B03640269EE2070071ACD0 /* Products */;
			projectDirPath = "";
			projectRoot = "";
			targets = (
				C0B0363E269EE2070071ACD0 /* Kukai Mobile */,
				C0B03654269EE2070071ACD0 /* Kukai MobileTests */,
				C0B0365F269EE2070071ACD0 /* Kukai MobileUITests */,
			);
		};
/* End PBXProject section */

/* Begin PBXResourcesBuildPhase section */
		C0B0363D269EE2070071ACD0 /* Resources */ = {
			isa = PBXResourcesBuildPhase;
			buildActionMask = 2147483647;
			files = (
				C0DAD65426B00ABD001DF430 /* Login.storyboard in Resources */,
				C0082C0426A7218D00DB160B /* Home.storyboard in Resources */,
				C0B0364F269EE2070071ACD0 /* LaunchScreen.storyboard in Resources */,
				C049B5A326A0496C00F1C5E0 /* Main.storyboard in Resources */,
				C0B0364C269EE2070071ACD0 /* Assets.xcassets in Resources */,
				C0B0367C269F37340071ACD0 /* ExportOptions-Beta.plist in Resources */,
				C049B5A526A0497D00F1C5E0 /* Onboarding.storyboard in Resources */,
				C0B0367A269F1E450071ACD0 /* ExportOptions.plist in Resources */,
			);
			runOnlyForDeploymentPostprocessing = 0;
		};
		C0B03653269EE2070071ACD0 /* Resources */ = {
			isa = PBXResourcesBuildPhase;
			buildActionMask = 2147483647;
			files = (
			);
			runOnlyForDeploymentPostprocessing = 0;
		};
		C0B0365E269EE2070071ACD0 /* Resources */ = {
			isa = PBXResourcesBuildPhase;
			buildActionMask = 2147483647;
			files = (
			);
			runOnlyForDeploymentPostprocessing = 0;
		};
/* End PBXResourcesBuildPhase section */

/* Begin PBXSourcesBuildPhase section */
		C0B0363B269EE2070071ACD0 /* Sources */ = {
			isa = PBXSourcesBuildPhase;
			buildActionMask = 2147483647;
			files = (
				C0DAD65826B00D64001DF430 /* LoginViewController.swift in Sources */,
				C0082BFF26A713A000DB160B /* NewWalletPasswordViewController.swift in Sources */,
				C0082BF526A6DFBA00DB160B /* String+extensions.swift in Sources */,
				C06EA1A626A56C6E006029CF /* OnboardingPageViewController.swift in Sources */,
				C0B743BA26AB221E00377A9B /* XTZBalanceTableViewCell.swift in Sources */,
				C0657AD026B2CB6F009ED7D3 /* UITextField+extensions.swift in Sources */,
				C0B860EF26AF0CA400BB7E6B /* UIImageView+extensions.swift in Sources */,
				C085EAB326B175F600B37A15 /* SideMenuViewController.swift in Sources */,
				C085EAB726B1A95A00B37A15 /* SideMenuImportViewController.swift in Sources */,
				C0082BFD26A70D3C00DB160B /* ImportFaucetViewController.swift in Sources */,
				C085EAB926B1ADC700B37A15 /* ConfirmMnemonicViewController.swift in Sources */,
				C049B5AF26A079AF00F1C5E0 /* UIViewController+extensions.swift in Sources */,
				C0B03643269EE2070071ACD0 /* AppDelegate.swift in Sources */,
				C0082BF926A7076500DB160B /* ImportMnemonicViewController.swift in Sources */,
				C0B743B726AB197E00377A9B /* HomeWalletViewModel.swift in Sources */,
				C0082BFB26A70B5900DB160B /* ImportSuccessViewController.swift in Sources */,
				C0082C0126A715C400DB160B /* NewWalletMnemonicViewController.swift in Sources */,
				C0082BF326A6C6B300DB160B /* DependencyManager.swift in Sources */,
				C0657ACE26B2CA30009ED7D3 /* ExchangeLiquidityBakingViewController.swift in Sources */,
				C0B743BE26AB226700377A9B /* NftParentTableViewCell.swift in Sources */,
				C049B5AC26A0793E00F1C5E0 /* WelcomeViewController.swift in Sources */,
				C0082C0A26A7282C00DB160B /* HomeWalletViewController.swift in Sources */,
				C0B743B026AAC44A00377A9B /* ViewModelProtocols.swift in Sources */,
				C049B5A726A04DCA00F1C5E0 /* LaunchViewController.swift in Sources */,
				C0082C0626A7249200DB160B /* SettingsViewController.swift in Sources */,
				C049B5B926A084A500F1C5E0 /* UIView+extensions.swift in Sources */,
				C0B743BC26AB223800377A9B /* TokenBalanceTableViewCell.swift in Sources */,
				C0082C0826A7278000DB160B /* HomeTabBarController.swift in Sources */,
				C049B5B326A07B0500F1C5E0 /* DirectAuthViewController.swift in Sources */,
				C0A1C3B626B05F7100EA03A9 /* PreLoginViewController.swift in Sources */,
				C0B03645269EE2070071ACD0 /* SceneDelegate.swift in Sources */,
				C049B5B126A07A1000F1C5E0 /* NetworkChooserViewController.swift in Sources */,
				C085EAB526B192A600B37A15 /* SideMenuViewModel.swift in Sources */,
				C0B743C026AB227400377A9B /* NftChildTableViewCell.swift in Sources */,
			);
			runOnlyForDeploymentPostprocessing = 0;
		};
		C0B03651269EE2070071ACD0 /* Sources */ = {
			isa = PBXSourcesBuildPhase;
			buildActionMask = 2147483647;
			files = (
				C0B0365A269EE2070071ACD0 /* Kukai_MobileTests.swift in Sources */,
			);
			runOnlyForDeploymentPostprocessing = 0;
		};
		C0B0365C269EE2070071ACD0 /* Sources */ = {
			isa = PBXSourcesBuildPhase;
			buildActionMask = 2147483647;
			files = (
				C0B03665269EE2070071ACD0 /* Kukai_MobileUITests.swift in Sources */,
			);
			runOnlyForDeploymentPostprocessing = 0;
		};
/* End PBXSourcesBuildPhase section */

/* Begin PBXTargetDependency section */
		C0B03657269EE2070071ACD0 /* PBXTargetDependency */ = {
			isa = PBXTargetDependency;
			target = C0B0363E269EE2070071ACD0 /* Kukai Mobile */;
			targetProxy = C0B03656269EE2070071ACD0 /* PBXContainerItemProxy */;
		};
		C0B03662269EE2070071ACD0 /* PBXTargetDependency */ = {
			isa = PBXTargetDependency;
			target = C0B0363E269EE2070071ACD0 /* Kukai Mobile */;
			targetProxy = C0B03661269EE2070071ACD0 /* PBXContainerItemProxy */;
		};
/* End PBXTargetDependency section */

/* Begin PBXVariantGroup section */
		C0B0364D269EE2070071ACD0 /* LaunchScreen.storyboard */ = {
			isa = PBXVariantGroup;
			children = (
				C0B0364E269EE2070071ACD0 /* Base */,
			);
			name = LaunchScreen.storyboard;
			sourceTree = "<group>";
		};
/* End PBXVariantGroup section */

/* Begin XCBuildConfiguration section */
		C0B03667269EE2070071ACD0 /* Debug */ = {
			isa = XCBuildConfiguration;
			buildSettings = {
				ALWAYS_SEARCH_USER_PATHS = NO;
				CLANG_ANALYZER_NONNULL = YES;
				CLANG_ANALYZER_NUMBER_OBJECT_CONVERSION = YES_AGGRESSIVE;
				CLANG_CXX_LANGUAGE_STANDARD = "gnu++14";
				CLANG_CXX_LIBRARY = "libc++";
				CLANG_ENABLE_MODULES = YES;
				CLANG_ENABLE_OBJC_ARC = YES;
				CLANG_ENABLE_OBJC_WEAK = YES;
				CLANG_WARN_BLOCK_CAPTURE_AUTORELEASING = YES;
				CLANG_WARN_BOOL_CONVERSION = YES;
				CLANG_WARN_COMMA = YES;
				CLANG_WARN_CONSTANT_CONVERSION = YES;
				CLANG_WARN_DEPRECATED_OBJC_IMPLEMENTATIONS = YES;
				CLANG_WARN_DIRECT_OBJC_ISA_USAGE = YES_ERROR;
				CLANG_WARN_DOCUMENTATION_COMMENTS = YES;
				CLANG_WARN_EMPTY_BODY = YES;
				CLANG_WARN_ENUM_CONVERSION = YES;
				CLANG_WARN_INFINITE_RECURSION = YES;
				CLANG_WARN_INT_CONVERSION = YES;
				CLANG_WARN_NON_LITERAL_NULL_CONVERSION = YES;
				CLANG_WARN_OBJC_IMPLICIT_RETAIN_SELF = YES;
				CLANG_WARN_OBJC_LITERAL_CONVERSION = YES;
				CLANG_WARN_OBJC_ROOT_CLASS = YES_ERROR;
				CLANG_WARN_QUOTED_INCLUDE_IN_FRAMEWORK_HEADER = YES;
				CLANG_WARN_RANGE_LOOP_ANALYSIS = YES;
				CLANG_WARN_STRICT_PROTOTYPES = YES;
				CLANG_WARN_SUSPICIOUS_MOVE = YES;
				CLANG_WARN_UNGUARDED_AVAILABILITY = YES_AGGRESSIVE;
				CLANG_WARN_UNREACHABLE_CODE = YES;
				CLANG_WARN__DUPLICATE_METHOD_MATCH = YES;
				COPY_PHASE_STRIP = NO;
				DEBUG_INFORMATION_FORMAT = dwarf;
				ENABLE_STRICT_OBJC_MSGSEND = YES;
				ENABLE_TESTABILITY = YES;
				GCC_C_LANGUAGE_STANDARD = gnu11;
				GCC_DYNAMIC_NO_PIC = NO;
				GCC_NO_COMMON_BLOCKS = YES;
				GCC_OPTIMIZATION_LEVEL = 0;
				GCC_PREPROCESSOR_DEFINITIONS = (
					"DEBUG=1",
					"$(inherited)",
				);
				GCC_WARN_64_TO_32_BIT_CONVERSION = YES;
				GCC_WARN_ABOUT_RETURN_TYPE = YES_ERROR;
				GCC_WARN_UNDECLARED_SELECTOR = YES;
				GCC_WARN_UNINITIALIZED_AUTOS = YES_AGGRESSIVE;
				GCC_WARN_UNUSED_FUNCTION = YES;
				GCC_WARN_UNUSED_VARIABLE = YES;
				IPHONEOS_DEPLOYMENT_TARGET = 14.1;
				MTL_ENABLE_DEBUG_INFO = INCLUDE_SOURCE;
				MTL_FAST_MATH = YES;
				ONLY_ACTIVE_ARCH = YES;
				PRODUCT_NAME = Kuaki;
				SDKROOT = iphoneos;
				SWIFT_ACTIVE_COMPILATION_CONDITIONS = DEBUG;
				SWIFT_OPTIMIZATION_LEVEL = "-Onone";
			};
			name = Debug;
		};
		C0B03668269EE2070071ACD0 /* Release */ = {
			isa = XCBuildConfiguration;
			buildSettings = {
				ALWAYS_SEARCH_USER_PATHS = NO;
				CLANG_ANALYZER_NONNULL = YES;
				CLANG_ANALYZER_NUMBER_OBJECT_CONVERSION = YES_AGGRESSIVE;
				CLANG_CXX_LANGUAGE_STANDARD = "gnu++14";
				CLANG_CXX_LIBRARY = "libc++";
				CLANG_ENABLE_MODULES = YES;
				CLANG_ENABLE_OBJC_ARC = YES;
				CLANG_ENABLE_OBJC_WEAK = YES;
				CLANG_WARN_BLOCK_CAPTURE_AUTORELEASING = YES;
				CLANG_WARN_BOOL_CONVERSION = YES;
				CLANG_WARN_COMMA = YES;
				CLANG_WARN_CONSTANT_CONVERSION = YES;
				CLANG_WARN_DEPRECATED_OBJC_IMPLEMENTATIONS = YES;
				CLANG_WARN_DIRECT_OBJC_ISA_USAGE = YES_ERROR;
				CLANG_WARN_DOCUMENTATION_COMMENTS = YES;
				CLANG_WARN_EMPTY_BODY = YES;
				CLANG_WARN_ENUM_CONVERSION = YES;
				CLANG_WARN_INFINITE_RECURSION = YES;
				CLANG_WARN_INT_CONVERSION = YES;
				CLANG_WARN_NON_LITERAL_NULL_CONVERSION = YES;
				CLANG_WARN_OBJC_IMPLICIT_RETAIN_SELF = YES;
				CLANG_WARN_OBJC_LITERAL_CONVERSION = YES;
				CLANG_WARN_OBJC_ROOT_CLASS = YES_ERROR;
				CLANG_WARN_QUOTED_INCLUDE_IN_FRAMEWORK_HEADER = YES;
				CLANG_WARN_RANGE_LOOP_ANALYSIS = YES;
				CLANG_WARN_STRICT_PROTOTYPES = YES;
				CLANG_WARN_SUSPICIOUS_MOVE = YES;
				CLANG_WARN_UNGUARDED_AVAILABILITY = YES_AGGRESSIVE;
				CLANG_WARN_UNREACHABLE_CODE = YES;
				CLANG_WARN__DUPLICATE_METHOD_MATCH = YES;
				COPY_PHASE_STRIP = NO;
				DEBUG_INFORMATION_FORMAT = "dwarf-with-dsym";
				ENABLE_NS_ASSERTIONS = NO;
				ENABLE_STRICT_OBJC_MSGSEND = YES;
				GCC_C_LANGUAGE_STANDARD = gnu11;
				GCC_NO_COMMON_BLOCKS = YES;
				GCC_WARN_64_TO_32_BIT_CONVERSION = YES;
				GCC_WARN_ABOUT_RETURN_TYPE = YES_ERROR;
				GCC_WARN_UNDECLARED_SELECTOR = YES;
				GCC_WARN_UNINITIALIZED_AUTOS = YES_AGGRESSIVE;
				GCC_WARN_UNUSED_FUNCTION = YES;
				GCC_WARN_UNUSED_VARIABLE = YES;
				IPHONEOS_DEPLOYMENT_TARGET = 14.1;
				MTL_ENABLE_DEBUG_INFO = NO;
				MTL_FAST_MATH = YES;
				PRODUCT_NAME = Kukai;
				SDKROOT = iphoneos;
				SWIFT_COMPILATION_MODE = wholemodule;
				SWIFT_OPTIMIZATION_LEVEL = "-O";
				VALIDATE_PRODUCT = YES;
			};
			name = Release;
		};
		C0B0366A269EE2070071ACD0 /* Debug */ = {
			isa = XCBuildConfiguration;
			buildSettings = {
				ASSETCATALOG_COMPILER_APPICON_NAME = "AppIcon${BUNDLE_ID_SUFFIX}";
				ASSETCATALOG_COMPILER_GLOBAL_ACCENT_COLOR_NAME = AccentColor;
				BUNDLE_ID_SUFFIX = .dev;
				CODE_SIGN_IDENTITY = "iPhone Developer";
				CODE_SIGN_STYLE = Manual;
				CURRENT_PROJECT_VERSION = 12;
				DEBUG_INFORMATION_FORMAT = "dwarf-with-dsym";
				DEVELOPMENT_TEAM = TK7KK2VPJP;
				ENABLE_BITCODE = NO;
				INFOPLIST_FILE = "Kukai Mobile/Info.plist";
				IPHONEOS_DEPLOYMENT_TARGET = 14.1;
				LD_RUNPATH_SEARCH_PATHS = (
					"$(inherited)",
					"@executable_path/Frameworks",
				);
				MARKETING_VERSION = 1.0.0;
				PRODUCT_BUNDLE_IDENTIFIER = "app.kukai.mobile${BUNDLE_ID_SUFFIX}";
				PRODUCT_NAME = "$(TARGET_NAME)";
				PROVISIONING_PROFILE_SPECIFIER = "Kukai Mobile Debug Prov Dev";
				SWIFT_VERSION = 5.0;
				TARGETED_DEVICE_FAMILY = "1,2";
				VERSIONING_SYSTEM = "apple-generic";
			};
			name = Debug;
		};
		C0B0366B269EE2070071ACD0 /* Release */ = {
			isa = XCBuildConfiguration;
			buildSettings = {
				ASSETCATALOG_COMPILER_APPICON_NAME = "AppIcon${BUNDLE_ID_SUFFIX}";
				ASSETCATALOG_COMPILER_GLOBAL_ACCENT_COLOR_NAME = AccentColor;
				BUNDLE_ID_SUFFIX = "";
				CODE_SIGN_IDENTITY = "iPhone Distribution";
				CODE_SIGN_STYLE = Manual;
				CURRENT_PROJECT_VERSION = 12;
				DEVELOPMENT_TEAM = TK7KK2VPJP;
				ENABLE_BITCODE = NO;
				INFOPLIST_FILE = "Kukai Mobile/Info.plist";
				IPHONEOS_DEPLOYMENT_TARGET = 14.1;
				LD_RUNPATH_SEARCH_PATHS = (
					"$(inherited)",
					"@executable_path/Frameworks",
				);
				MARKETING_VERSION = 1.0.0;
				PRODUCT_BUNDLE_IDENTIFIER = "app.kukai.mobile${BUNDLE_ID_SUFFIX}";
				PRODUCT_NAME = "$(TARGET_NAME)";
				PROVISIONING_PROFILE_SPECIFIER = "Kukai Mobile Prov Dist App Store";
				SWIFT_VERSION = 5.0;
				TARGETED_DEVICE_FAMILY = "1,2";
				VERSIONING_SYSTEM = "apple-generic";
			};
			name = Release;
		};
		C0B0366D269EE2070071ACD0 /* Debug */ = {
			isa = XCBuildConfiguration;
			buildSettings = {
				ALWAYS_EMBED_SWIFT_STANDARD_LIBRARIES = YES;
				BUNDLE_LOADER = "$(TEST_HOST)";
				CODE_SIGN_STYLE = Automatic;
				DEVELOPMENT_TEAM = TK7KK2VPJP;
				INFOPLIST_FILE = "Kukai MobileTests/Info.plist";
				IPHONEOS_DEPLOYMENT_TARGET = 14.5;
				LD_RUNPATH_SEARCH_PATHS = (
					"$(inherited)",
					"@executable_path/Frameworks",
					"@loader_path/Frameworks",
				);
				PRODUCT_BUNDLE_IDENTIFIER = "app.kukai.Kukai-MobileTests";
				PRODUCT_NAME = "$(TARGET_NAME)";
				SWIFT_VERSION = 5.0;
				TARGETED_DEVICE_FAMILY = "1,2";
				TEST_HOST = "$(BUILT_PRODUCTS_DIR)/Kukai Mobile.app/Kukai Mobile";
			};
			name = Debug;
		};
		C0B0366E269EE2070071ACD0 /* Release */ = {
			isa = XCBuildConfiguration;
			buildSettings = {
				ALWAYS_EMBED_SWIFT_STANDARD_LIBRARIES = YES;
				BUNDLE_LOADER = "$(TEST_HOST)";
				CODE_SIGN_STYLE = Automatic;
				DEVELOPMENT_TEAM = TK7KK2VPJP;
				INFOPLIST_FILE = "Kukai MobileTests/Info.plist";
				IPHONEOS_DEPLOYMENT_TARGET = 14.5;
				LD_RUNPATH_SEARCH_PATHS = (
					"$(inherited)",
					"@executable_path/Frameworks",
					"@loader_path/Frameworks",
				);
				PRODUCT_BUNDLE_IDENTIFIER = "app.kukai.Kukai-MobileTests";
				PRODUCT_NAME = "$(TARGET_NAME)";
				SWIFT_VERSION = 5.0;
				TARGETED_DEVICE_FAMILY = "1,2";
				TEST_HOST = "$(BUILT_PRODUCTS_DIR)/Kukai Mobile.app/Kukai Mobile";
			};
			name = Release;
		};
		C0B03670269EE2070071ACD0 /* Debug */ = {
			isa = XCBuildConfiguration;
			buildSettings = {
				ALWAYS_EMBED_SWIFT_STANDARD_LIBRARIES = YES;
				CODE_SIGN_STYLE = Automatic;
				DEVELOPMENT_TEAM = TK7KK2VPJP;
				INFOPLIST_FILE = "Kukai MobileUITests/Info.plist";
				LD_RUNPATH_SEARCH_PATHS = (
					"$(inherited)",
					"@executable_path/Frameworks",
					"@loader_path/Frameworks",
				);
				PRODUCT_BUNDLE_IDENTIFIER = "app.kukai.Kukai-MobileUITests";
				PRODUCT_NAME = "$(TARGET_NAME)";
				SWIFT_VERSION = 5.0;
				TARGETED_DEVICE_FAMILY = "1,2";
				TEST_TARGET_NAME = "Kukai Mobile";
			};
			name = Debug;
		};
		C0B03671269EE2070071ACD0 /* Release */ = {
			isa = XCBuildConfiguration;
			buildSettings = {
				ALWAYS_EMBED_SWIFT_STANDARD_LIBRARIES = YES;
				CODE_SIGN_STYLE = Automatic;
				DEVELOPMENT_TEAM = TK7KK2VPJP;
				INFOPLIST_FILE = "Kukai MobileUITests/Info.plist";
				LD_RUNPATH_SEARCH_PATHS = (
					"$(inherited)",
					"@executable_path/Frameworks",
					"@loader_path/Frameworks",
				);
				PRODUCT_BUNDLE_IDENTIFIER = "app.kukai.Kukai-MobileUITests";
				PRODUCT_NAME = "$(TARGET_NAME)";
				SWIFT_VERSION = 5.0;
				TARGETED_DEVICE_FAMILY = "1,2";
				TEST_TARGET_NAME = "Kukai Mobile";
			};
			name = Release;
		};
		C0B03675269EE3080071ACD0 /* Beta */ = {
			isa = XCBuildConfiguration;
			buildSettings = {
				ALWAYS_SEARCH_USER_PATHS = NO;
				CLANG_ANALYZER_NONNULL = YES;
				CLANG_ANALYZER_NUMBER_OBJECT_CONVERSION = YES_AGGRESSIVE;
				CLANG_CXX_LANGUAGE_STANDARD = "gnu++14";
				CLANG_CXX_LIBRARY = "libc++";
				CLANG_ENABLE_MODULES = YES;
				CLANG_ENABLE_OBJC_ARC = YES;
				CLANG_ENABLE_OBJC_WEAK = YES;
				CLANG_WARN_BLOCK_CAPTURE_AUTORELEASING = YES;
				CLANG_WARN_BOOL_CONVERSION = YES;
				CLANG_WARN_COMMA = YES;
				CLANG_WARN_CONSTANT_CONVERSION = YES;
				CLANG_WARN_DEPRECATED_OBJC_IMPLEMENTATIONS = YES;
				CLANG_WARN_DIRECT_OBJC_ISA_USAGE = YES_ERROR;
				CLANG_WARN_DOCUMENTATION_COMMENTS = YES;
				CLANG_WARN_EMPTY_BODY = YES;
				CLANG_WARN_ENUM_CONVERSION = YES;
				CLANG_WARN_INFINITE_RECURSION = YES;
				CLANG_WARN_INT_CONVERSION = YES;
				CLANG_WARN_NON_LITERAL_NULL_CONVERSION = YES;
				CLANG_WARN_OBJC_IMPLICIT_RETAIN_SELF = YES;
				CLANG_WARN_OBJC_LITERAL_CONVERSION = YES;
				CLANG_WARN_OBJC_ROOT_CLASS = YES_ERROR;
				CLANG_WARN_QUOTED_INCLUDE_IN_FRAMEWORK_HEADER = YES;
				CLANG_WARN_RANGE_LOOP_ANALYSIS = YES;
				CLANG_WARN_STRICT_PROTOTYPES = YES;
				CLANG_WARN_SUSPICIOUS_MOVE = YES;
				CLANG_WARN_UNGUARDED_AVAILABILITY = YES_AGGRESSIVE;
				CLANG_WARN_UNREACHABLE_CODE = YES;
				CLANG_WARN__DUPLICATE_METHOD_MATCH = YES;
				COPY_PHASE_STRIP = NO;
				DEBUG_INFORMATION_FORMAT = "dwarf-with-dsym";
				ENABLE_NS_ASSERTIONS = NO;
				ENABLE_STRICT_OBJC_MSGSEND = YES;
				GCC_C_LANGUAGE_STANDARD = gnu11;
				GCC_NO_COMMON_BLOCKS = YES;
				GCC_WARN_64_TO_32_BIT_CONVERSION = YES;
				GCC_WARN_ABOUT_RETURN_TYPE = YES_ERROR;
				GCC_WARN_UNDECLARED_SELECTOR = YES;
				GCC_WARN_UNINITIALIZED_AUTOS = YES_AGGRESSIVE;
				GCC_WARN_UNUSED_FUNCTION = YES;
				GCC_WARN_UNUSED_VARIABLE = YES;
				IPHONEOS_DEPLOYMENT_TARGET = 14.1;
				MTL_ENABLE_DEBUG_INFO = NO;
				MTL_FAST_MATH = YES;
				PRODUCT_NAME = "Kukai Beta";
				SDKROOT = iphoneos;
				SWIFT_COMPILATION_MODE = wholemodule;
				SWIFT_OPTIMIZATION_LEVEL = "-O";
				VALIDATE_PRODUCT = YES;
			};
			name = Beta;
		};
		C0B03676269EE3080071ACD0 /* Beta */ = {
			isa = XCBuildConfiguration;
			buildSettings = {
				ASSETCATALOG_COMPILER_APPICON_NAME = "AppIcon${BUNDLE_ID_SUFFIX}";
				ASSETCATALOG_COMPILER_GLOBAL_ACCENT_COLOR_NAME = AccentColor;
				BUNDLE_ID_SUFFIX = .beta;
				CODE_SIGN_IDENTITY = "iPhone Distribution";
				CODE_SIGN_STYLE = Manual;
				CURRENT_PROJECT_VERSION = 12;
				DEVELOPMENT_TEAM = TK7KK2VPJP;
				ENABLE_BITCODE = NO;
				INFOPLIST_FILE = "Kukai Mobile/Info.plist";
				IPHONEOS_DEPLOYMENT_TARGET = 14.1;
				LD_RUNPATH_SEARCH_PATHS = (
					"$(inherited)",
					"@executable_path/Frameworks",
				);
				MARKETING_VERSION = 1.0.0;
				PRODUCT_BUNDLE_IDENTIFIER = "app.kukai.mobile${BUNDLE_ID_SUFFIX}";
				PRODUCT_NAME = "$(TARGET_NAME)";
				PROVISIONING_PROFILE_SPECIFIER = "Kukai Mobile Beta Prov Dist App Store";
				SWIFT_VERSION = 5.0;
				TARGETED_DEVICE_FAMILY = "1,2";
				VERSIONING_SYSTEM = "apple-generic";
			};
			name = Beta;
		};
		C0B03677269EE3080071ACD0 /* Beta */ = {
			isa = XCBuildConfiguration;
			buildSettings = {
				ALWAYS_EMBED_SWIFT_STANDARD_LIBRARIES = YES;
				BUNDLE_LOADER = "$(TEST_HOST)";
				CODE_SIGN_STYLE = Automatic;
				DEVELOPMENT_TEAM = TK7KK2VPJP;
				INFOPLIST_FILE = "Kukai MobileTests/Info.plist";
				IPHONEOS_DEPLOYMENT_TARGET = 14.5;
				LD_RUNPATH_SEARCH_PATHS = (
					"$(inherited)",
					"@executable_path/Frameworks",
					"@loader_path/Frameworks",
				);
				PRODUCT_BUNDLE_IDENTIFIER = "app.kukai.Kukai-MobileTests";
				PRODUCT_NAME = "$(TARGET_NAME)";
				SWIFT_VERSION = 5.0;
				TARGETED_DEVICE_FAMILY = "1,2";
				TEST_HOST = "$(BUILT_PRODUCTS_DIR)/Kukai Mobile.app/Kukai Mobile";
			};
			name = Beta;
		};
		C0B03678269EE3080071ACD0 /* Beta */ = {
			isa = XCBuildConfiguration;
			buildSettings = {
				ALWAYS_EMBED_SWIFT_STANDARD_LIBRARIES = YES;
				CODE_SIGN_STYLE = Automatic;
				DEVELOPMENT_TEAM = TK7KK2VPJP;
				INFOPLIST_FILE = "Kukai MobileUITests/Info.plist";
				LD_RUNPATH_SEARCH_PATHS = (
					"$(inherited)",
					"@executable_path/Frameworks",
					"@loader_path/Frameworks",
				);
				PRODUCT_BUNDLE_IDENTIFIER = "app.kukai.Kukai-MobileUITests";
				PRODUCT_NAME = "$(TARGET_NAME)";
				SWIFT_VERSION = 5.0;
				TARGETED_DEVICE_FAMILY = "1,2";
				TEST_TARGET_NAME = "Kukai Mobile";
			};
			name = Beta;
		};
/* End XCBuildConfiguration section */

/* Begin XCConfigurationList section */
		C0B0363A269EE2070071ACD0 /* Build configuration list for PBXProject "Kukai Mobile" */ = {
			isa = XCConfigurationList;
			buildConfigurations = (
				C0B03667269EE2070071ACD0 /* Debug */,
				C0B03668269EE2070071ACD0 /* Release */,
				C0B03675269EE3080071ACD0 /* Beta */,
			);
			defaultConfigurationIsVisible = 0;
			defaultConfigurationName = Release;
		};
		C0B03669269EE2070071ACD0 /* Build configuration list for PBXNativeTarget "Kukai Mobile" */ = {
			isa = XCConfigurationList;
			buildConfigurations = (
				C0B0366A269EE2070071ACD0 /* Debug */,
				C0B0366B269EE2070071ACD0 /* Release */,
				C0B03676269EE3080071ACD0 /* Beta */,
			);
			defaultConfigurationIsVisible = 0;
			defaultConfigurationName = Release;
		};
		C0B0366C269EE2070071ACD0 /* Build configuration list for PBXNativeTarget "Kukai MobileTests" */ = {
			isa = XCConfigurationList;
			buildConfigurations = (
				C0B0366D269EE2070071ACD0 /* Debug */,
				C0B0366E269EE2070071ACD0 /* Release */,
				C0B03677269EE3080071ACD0 /* Beta */,
			);
			defaultConfigurationIsVisible = 0;
			defaultConfigurationName = Release;
		};
		C0B0366F269EE2070071ACD0 /* Build configuration list for PBXNativeTarget "Kukai MobileUITests" */ = {
			isa = XCConfigurationList;
			buildConfigurations = (
				C0B03670269EE2070071ACD0 /* Debug */,
				C0B03671269EE2070071ACD0 /* Release */,
				C0B03678269EE3080071ACD0 /* Beta */,
			);
			defaultConfigurationIsVisible = 0;
			defaultConfigurationName = Release;
		};
/* End XCConfigurationList section */

/* Begin XCRemoteSwiftPackageReference section */
		C0B03672269EE2A40071ACD0 /* XCRemoteSwiftPackageReference "kukai-core-swift" */ = {
			isa = XCRemoteSwiftPackageReference;
			repositoryURL = "https://github.com/kukai-wallet/kukai-core-swift.git";
			requirement = {
				branch = develop;
				kind = branch;
			};
		};
		C0BBD29A26A97CFD0097B63A /* XCRemoteSwiftPackageReference "swift-sodium" */ = {
			isa = XCRemoteSwiftPackageReference;
			repositoryURL = "https://github.com/junelife/swift-sodium";
			requirement = {
				branch = spm;
				kind = branch;
			};
		};
		C0BBD2A326A9A7980097B63A /* XCRemoteSwiftPackageReference "sentry-cocoa" */ = {
			isa = XCRemoteSwiftPackageReference;
			repositoryURL = "https://github.com/getsentry/sentry-cocoa";
			requirement = {
				kind = upToNextMajorVersion;
				minimumVersion = 7.1.3;
			};
		};
/* End XCRemoteSwiftPackageReference section */

/* Begin XCSwiftPackageProductDependency section */
		C0B03673269EE2A40071ACD0 /* KukaiCoreSwift */ = {
			isa = XCSwiftPackageProductDependency;
			package = C0B03672269EE2A40071ACD0 /* XCRemoteSwiftPackageReference "kukai-core-swift" */;
			productName = KukaiCoreSwift;
		};
		C0BBD29B26A97CFD0097B63A /* Sodium */ = {
			isa = XCSwiftPackageProductDependency;
			package = C0BBD29A26A97CFD0097B63A /* XCRemoteSwiftPackageReference "swift-sodium" */;
			productName = Sodium;
		};
		C0BBD2A426A9A7980097B63A /* Sentry */ = {
			isa = XCSwiftPackageProductDependency;
			package = C0BBD2A326A9A7980097B63A /* XCRemoteSwiftPackageReference "sentry-cocoa" */;
			productName = Sentry;
		};
/* End XCSwiftPackageProductDependency section */
	};
	rootObject = C0B03637269EE2070071ACD0 /* Project object */;
}
